
Microsoft Visual Studio Solution File, Format Version 12.00
# Visual Studio Version 17
VisualStudioVersion = 17.11.35303.130
MinimumVisualStudioVersion = 10.0.40219.1
Project("{FAE04EC0-301F-11D3-BF4B-00C04F79EFBC}") = "SmartBrowser", "SmartBrowser\SmartBrowser.csproj", "{37BB1ACE-B204-44C0-B01D-789C75CD3E2C}"
EndProject
Global
	GlobalSection(SolutionConfigurationPlatforms) = preSolution
		Debug|Any CPU = Debug|Any CPU
		Release|Any CPU = Release|Any CPU
	EndGlobalSection
	GlobalSection(ProjectConfigurationPlatforms) = postSolution
		{37BB1ACE-B204-44C0-B01D-789C75CD3E2C}.Debug|Any CPU.ActiveCfg = Debug|Any CPU
		{37BB1ACE-B204-44C0-B01D-789C75CD3E2C}.Debug|Any CPU.Build.0 = Debug|Any CPU
		{37BB1ACE-B204-44C0-B01D-789C75CD3E2C}.Release|Any CPU.ActiveCfg = Release|Any CPU
		{37BB1ACE-B204-44C0-B01D-789C75CD3E2C}.Release|Any CPU.Build.0 = Release|Any CPU
	EndGlobalSection
	GlobalSection(SolutionProperties) = preSolution
		HideSolutionNode = FALSE
	EndGlobalSection
	GlobalSection(ExtensibilityGlobals) = postSolution
		SolutionGuid = {D8A175D6-AE2F-4CA6-8EA4-2B57590E7E19}
	EndGlobalSection
EndGlobal
